// !$*UTF8*$!
{
	archiveVersion = 1;
	classes = {
	};
	objectVersion = 50;
	objects = {

/* Begin PBXBuildFile section */
		1838B3A621DA00D400B7AB40 /* NoDataLabelWithImage.swift in Sources */ = {isa = PBXBuildFile; fileRef = 1838B3A321DA00D400B7AB40 /* NoDataLabelWithImage.swift */; };
		1838B3A821DA00D400B7AB40 /* APIRequest.swift in Sources */ = {isa = PBXBuildFile; fileRef = 1838B3A521DA00D400B7AB40 /* APIRequest.swift */; };
		1838B3AC21DA040100B7AB40 /* Models.swift in Sources */ = {isa = PBXBuildFile; fileRef = 1838B3AB21DA040100B7AB40 /* Models.swift */; };
		1838B3AE21DA245A00B7AB40 /* BaseCellForCollectionView.swift in Sources */ = {isa = PBXBuildFile; fileRef = 1838B3AD21DA245A00B7AB40 /* BaseCellForCollectionView.swift */; };
		1838B3B021DA265D00B7AB40 /* CustomFlowForCollecitonView.swift in Sources */ = {isa = PBXBuildFile; fileRef = 1838B3AF21DA265D00B7AB40 /* CustomFlowForCollecitonView.swift */; };
		1838B3B421DA36A300B7AB40 /* MyImageView.swift in Sources */ = {isa = PBXBuildFile; fileRef = 1838B3B321DA36A300B7AB40 /* MyImageView.swift */; };
		1840DF2A21E3320B0051BF4E /* CutstomProgress.swift in Sources */ = {isa = PBXBuildFile; fileRef = 1840DF2921E3320B0051BF4E /* CutstomProgress.swift */; };
		18E9ED9421D9F9DF004CE75A /* AppDelegate.swift in Sources */ = {isa = PBXBuildFile; fileRef = 18E9ED9321D9F9DF004CE75A /* AppDelegate.swift */; };
		18E9ED9621D9F9DF004CE75A /* HomeViewController.swift in Sources */ = {isa = PBXBuildFile; fileRef = 18E9ED9521D9F9DF004CE75A /* HomeViewController.swift */; };
		18E9ED9C21D9F9DF004CE75A /* Unsplash.xcdatamodeld in Sources */ = {isa = PBXBuildFile; fileRef = 18E9ED9A21D9F9DF004CE75A /* Unsplash.xcdatamodeld */; };
		18E9ED9E21D9F9E1004CE75A /* Assets.xcassets in Resources */ = {isa = PBXBuildFile; fileRef = 18E9ED9D21D9F9E1004CE75A /* Assets.xcassets */; };
		18E9EDA121D9F9E1004CE75A /* LaunchScreen.storyboard in Resources */ = {isa = PBXBuildFile; fileRef = 18E9ED9F21D9F9E1004CE75A /* LaunchScreen.storyboard */; };
/* End PBXBuildFile section */

/* Begin PBXFileReference section */
		1838B3A321DA00D400B7AB40 /* NoDataLabelWithImage.swift */ = {isa = PBXFileReference; fileEncoding = 4; lastKnownFileType = sourcecode.swift; path = NoDataLabelWithImage.swift; sourceTree = "<group>"; };
		1838B3A421DA00D400B7AB40 /* CustomControllers.swift */ = {isa = PBXFileReference; fileEncoding = 4; lastKnownFileType = sourcecode.swift; path = CustomControllers.swift; sourceTree = "<group>"; };
		1838B3A521DA00D400B7AB40 /* APIRequest.swift */ = {isa = PBXFileReference; fileEncoding = 4; lastKnownFileType = sourcecode.swift; path = APIRequest.swift; sourceTree = "<group>"; };
		1838B3AB21DA040100B7AB40 /* Models.swift */ = {isa = PBXFileReference; lastKnownFileType = sourcecode.swift; path = Models.swift; sourceTree = "<group>"; };
		1838B3AD21DA245A00B7AB40 /* BaseCellForCollectionView.swift */ = {isa = PBXFileReference; lastKnownFileType = sourcecode.swift; path = BaseCellForCollectionView.swift; sourceTree = "<group>"; };
		1838B3AF21DA265D00B7AB40 /* CustomFlowForCollecitonView.swift */ = {isa = PBXFileReference; fileEncoding = 4; lastKnownFileType = sourcecode.swift; path = CustomFlowForCollecitonView.swift; sourceTree = "<group>"; };
		1838B3B321DA36A300B7AB40 /* MyImageView.swift */ = {isa = PBXFileReference; lastKnownFileType = sourcecode.swift; path = MyImageView.swift; sourceTree = "<group>"; };
		1840DF2921E3320B0051BF4E /* CutstomProgress.swift */ = {isa = PBXFileReference; fileEncoding = 4; lastKnownFileType = sourcecode.swift; path = CutstomProgress.swift; sourceTree = "<group>"; };
		18E9ED9021D9F9DF004CE75A /* Unsplash.app */ = {isa = PBXFileReference; explicitFileType = wrapper.application; includeInIndex = 0; path = Unsplash.app; sourceTree = BUILT_PRODUCTS_DIR; };
		18E9ED9321D9F9DF004CE75A /* AppDelegate.swift */ = {isa = PBXFileReference; lastKnownFileType = sourcecode.swift; path = AppDelegate.swift; sourceTree = "<group>"; };
		18E9ED9521D9F9DF004CE75A /* HomeViewController.swift */ = {isa = PBXFileReference; lastKnownFileType = sourcecode.swift; path = HomeViewController.swift; sourceTree = "<group>"; };
		18E9ED9B21D9F9DF004CE75A /* Unsplash.xcdatamodel */ = {isa = PBXFileReference; lastKnownFileType = wrapper.xcdatamodel; path = Unsplash.xcdatamodel; sourceTree = "<group>"; };
		18E9ED9D21D9F9E1004CE75A /* Assets.xcassets */ = {isa = PBXFileReference; lastKnownFileType = folder.assetcatalog; path = Assets.xcassets; sourceTree = "<group>"; };
		18E9EDA021D9F9E1004CE75A /* Base */ = {isa = PBXFileReference; lastKnownFileType = file.storyboard; name = Base; path = Base.lproj/LaunchScreen.storyboard; sourceTree = "<group>"; };
		18E9EDA221D9F9E1004CE75A /* Info.plist */ = {isa = PBXFileReference; lastKnownFileType = text.plist.xml; path = Info.plist; sourceTree = "<group>"; };
/* End PBXFileReference section */

/* Begin PBXFrameworksBuildPhase section */
		18E9ED8D21D9F9DF004CE75A /* Frameworks */ = {
			isa = PBXFrameworksBuildPhase;
			buildActionMask = 2147483647;
			files = (
			);
			runOnlyForDeploymentPostprocessing = 0;
		};
/* End PBXFrameworksBuildPhase section */

/* Begin PBXGroup section */
		1838B3A921DA00EC00B7AB40 /* Utility */ = {
			isa = PBXGroup;
			children = (
				1840DF2921E3320B0051BF4E /* CutstomProgress.swift */,
				1838B3AF21DA265D00B7AB40 /* CustomFlowForCollecitonView.swift */,
				1838B3A521DA00D400B7AB40 /* APIRequest.swift */,
				1838B3A421DA00D400B7AB40 /* CustomControllers.swift */,
				1838B3A321DA00D400B7AB40 /* NoDataLabelWithImage.swift */,
				1838B3AD21DA245A00B7AB40 /* BaseCellForCollectionView.swift */,
				1838B3B321DA36A300B7AB40 /* MyImageView.swift */,
			);
			path = Utility;
			sourceTree = "<group>";
		};
		1838B3AA21DA03F600B7AB40 /* Models */ = {
			isa = PBXGroup;
			children = (
				1838B3AB21DA040100B7AB40 /* Models.swift */,
			);
			path = Models;
			sourceTree = "<group>";
		};
		18E9ED8721D9F9DF004CE75A = {
			isa = PBXGroup;
			children = (
				18E9ED9221D9F9DF004CE75A /* Unsplash */,
				18E9ED9121D9F9DF004CE75A /* Products */,
			);
			sourceTree = "<group>";
		};
		18E9ED9121D9F9DF004CE75A /* Products */ = {
			isa = PBXGroup;
			children = (
				18E9ED9021D9F9DF004CE75A /* Unsplash.app */,
			);
			name = Products;
			sourceTree = "<group>";
		};
		18E9ED9221D9F9DF004CE75A /* Unsplash */ = {
			isa = PBXGroup;
			children = (
				18E9EDAB21D9FD02004CE75A /* ViewControllers */,
				1838B3AA21DA03F600B7AB40 /* Models */,
				1838B3A921DA00EC00B7AB40 /* Utility */,
				18E9EDAA21D9FC9E004CE75A /* Resrouces */,
			);
			path = Unsplash;
			sourceTree = "<group>";
		};
		18E9EDAA21D9FC9E004CE75A /* Resrouces */ = {
			isa = PBXGroup;
			children = (
				18E9ED9D21D9F9E1004CE75A /* Assets.xcassets */,
				18E9ED9F21D9F9E1004CE75A /* LaunchScreen.storyboard */,
				18E9EDA221D9F9E1004CE75A /* Info.plist */,
				18E9ED9A21D9F9DF004CE75A /* Unsplash.xcdatamodeld */,
			);
			path = Resrouces;
			sourceTree = "<group>";
		};
		18E9EDAB21D9FD02004CE75A /* ViewControllers */ = {
			isa = PBXGroup;
			children = (
				18E9ED9321D9F9DF004CE75A /* AppDelegate.swift */,
				18E9ED9521D9F9DF004CE75A /* HomeViewController.swift */,
			);
			path = ViewControllers;
			sourceTree = "<group>";
		};
/* End PBXGroup section */

/* Begin PBXNativeTarget section */
		18E9ED8F21D9F9DF004CE75A /* Unsplash */ = {
			isa = PBXNativeTarget;
			buildConfigurationList = 18E9EDA521D9F9E1004CE75A /* Build configuration list for PBXNativeTarget "Unsplash" */;
			buildPhases = (
				18E9ED8C21D9F9DF004CE75A /* Sources */,
				18E9ED8D21D9F9DF004CE75A /* Frameworks */,
				18E9ED8E21D9F9DF004CE75A /* Resources */,
			);
			buildRules = (
			);
			dependencies = (
			);
			name = Unsplash;
			productName = Unsplash;
			productReference = 18E9ED9021D9F9DF004CE75A /* Unsplash.app */;
			productType = "com.apple.product-type.application";
		};
/* End PBXNativeTarget section */

/* Begin PBXProject section */
		18E9ED8821D9F9DF004CE75A /* Project object */ = {
			isa = PBXProject;
			attributes = {
				LastSwiftUpdateCheck = 1000;
				LastUpgradeCheck = 1000;
				ORGANIZATIONNAME = IND;
				TargetAttributes = {
					18E9ED8F21D9F9DF004CE75A = {
						CreatedOnToolsVersion = 10.0;
					};
				};
			};
			buildConfigurationList = 18E9ED8B21D9F9DF004CE75A /* Build configuration list for PBXProject "Unsplash" */;
			compatibilityVersion = "Xcode 9.3";
			developmentRegion = en;
			hasScannedForEncodings = 0;
			knownRegions = (
				en,
				Base,
			);
			mainGroup = 18E9ED8721D9F9DF004CE75A;
			productRefGroup = 18E9ED9121D9F9DF004CE75A /* Products */;
			projectDirPath = "";
			projectRoot = "";
			targets = (
				18E9ED8F21D9F9DF004CE75A /* Unsplash */,
			);
		};
/* End PBXProject section */

/* Begin PBXResourcesBuildPhase section */
		18E9ED8E21D9F9DF004CE75A /* Resources */ = {
			isa = PBXResourcesBuildPhase;
			buildActionMask = 2147483647;
			files = (
				18E9EDA121D9F9E1004CE75A /* LaunchScreen.storyboard in Resources */,
				18E9ED9E21D9F9E1004CE75A /* Assets.xcassets in Resources */,
			);
			runOnlyForDeploymentPostprocessing = 0;
		};
/* End PBXResourcesBuildPhase section */

/* Begin PBXSourcesBuildPhase section */
		18E9ED8C21D9F9DF004CE75A /* Sources */ = {
			isa = PBXSourcesBuildPhase;
			buildActionMask = 2147483647;
			files = (
				18E9ED9C21D9F9DF004CE75A /* Unsplash.xcdatamodeld in Sources */,
				1838B3AC21DA040100B7AB40 /* Models.swift in Sources */,
				1838B3B421DA36A300B7AB40 /* MyImageView.swift in Sources */,
				1838B3AE21DA245A00B7AB40 /* BaseCellForCollectionView.swift in Sources */,
				18E9ED9621D9F9DF004CE75A /* HomeViewController.swift in Sources */,
				18E9ED9421D9F9DF004CE75A /* AppDelegate.swift in Sources */,
				1838B3B021DA265D00B7AB40 /* CustomFlowForCollecitonView.swift in Sources */,
				1838B3A621DA00D400B7AB40 /* NoDataLabelWithImage.swift in Sources */,
				1840DF2A21E3320B0051BF4E /* CutstomProgress.swift in Sources */,
				1838B3A821DA00D400B7AB40 /* APIRequest.swift in Sources */,
			);
			runOnlyForDeploymentPostprocessing = 0;
		};
/* End PBXSourcesBuildPhase section */

/* Begin PBXVariantGroup section */
		18E9ED9F21D9F9E1004CE75A /* LaunchScreen.storyboard */ = {
			isa = PBXVariantGroup;
			children = (
				18E9EDA021D9F9E1004CE75A /* Base */,
			);
			name = LaunchScreen.storyboard;
			sourceTree = "<group>";
		};
/* End PBXVariantGroup section */

/* Begin XCBuildConfiguration section */
		18E9EDA321D9F9E1004CE75A /* Debug */ = {
			isa = XCBuildConfiguration;
			buildSettings = {
				ALWAYS_SEARCH_USER_PATHS = NO;
				CLANG_ANALYZER_NONNULL = YES;
				CLANG_ANALYZER_NUMBER_OBJECT_CONVERSION = YES_AGGRESSIVE;
				CLANG_CXX_LANGUAGE_STANDARD = "gnu++14";
				CLANG_CXX_LIBRARY = "libc++";
				CLANG_ENABLE_MODULES = YES;
				CLANG_ENABLE_OBJC_ARC = YES;
				CLANG_ENABLE_OBJC_WEAK = YES;
				CLANG_WARN_BLOCK_CAPTURE_AUTORELEASING = YES;
				CLANG_WARN_BOOL_CONVERSION = YES;
				CLANG_WARN_COMMA = YES;
				CLANG_WARN_CONSTANT_CONVERSION = YES;
				CLANG_WARN_DEPRECATED_OBJC_IMPLEMENTATIONS = YES;
				CLANG_WARN_DIRECT_OBJC_ISA_USAGE = YES_ERROR;
				CLANG_WARN_DOCUMENTATION_COMMENTS = YES;
				CLANG_WARN_EMPTY_BODY = YES;
				CLANG_WARN_ENUM_CONVERSION = YES;
				CLANG_WARN_INFINITE_RECURSION = YES;
				CLANG_WARN_INT_CONVERSION = YES;
				CLANG_WARN_NON_LITERAL_NULL_CONVERSION = YES;
				CLANG_WARN_OBJC_IMPLICIT_RETAIN_SELF = YES;
				CLANG_WARN_OBJC_LITERAL_CONVERSION = YES;
				CLANG_WARN_OBJC_ROOT_CLASS = YES_ERROR;
				CLANG_WARN_RANGE_LOOP_ANALYSIS = YES;
				CLANG_WARN_STRICT_PROTOTYPES = YES;
				CLANG_WARN_SUSPICIOUS_MOVE = YES;
				CLANG_WARN_UNGUARDED_AVAILABILITY = YES_AGGRESSIVE;
				CLANG_WARN_UNREACHABLE_CODE = YES;
				CLANG_WARN__DUPLICATE_METHOD_MATCH = YES;
				CODE_SIGN_IDENTITY = "iPhone Developer";
				COPY_PHASE_STRIP = NO;
				DEBUG_INFORMATION_FORMAT = dwarf;
				ENABLE_STRICT_OBJC_MSGSEND = YES;
				ENABLE_TESTABILITY = YES;
				GCC_C_LANGUAGE_STANDARD = gnu11;
				GCC_DYNAMIC_NO_PIC = NO;
				GCC_NO_COMMON_BLOCKS = YES;
				GCC_OPTIMIZATION_LEVEL = 0;
				GCC_PREPROCESSOR_DEFINITIONS = (
					"DEBUG=1",
					"$(inherited)",
				);
				GCC_WARN_64_TO_32_BIT_CONVERSION = YES;
				GCC_WARN_ABOUT_RETURN_TYPE = YES_ERROR;
				GCC_WARN_UNDECLARED_SELECTOR = YES;
				GCC_WARN_UNINITIALIZED_AUTOS = YES_AGGRESSIVE;
				GCC_WARN_UNUSED_FUNCTION = YES;
				GCC_WARN_UNUSED_VARIABLE = YES;
				IPHONEOS_DEPLOYMENT_TARGET = 12.0;
				MTL_ENABLE_DEBUG_INFO = INCLUDE_SOURCE;
				MTL_FAST_MATH = YES;
				ONLY_ACTIVE_ARCH = YES;
				SDKROOT = iphoneos;
				SWIFT_ACTIVE_COMPILATION_CONDITIONS = DEBUG;
				SWIFT_OPTIMIZATION_LEVEL = "-Onone";
			};
			name = Debug;
		};
		18E9EDA421D9F9E1004CE75A /* Release */ = {
			isa = XCBuildConfiguration;
			buildSettings = {
				ALWAYS_SEARCH_USER_PATHS = NO;
				CLANG_ANALYZER_NONNULL = YES;
				CLANG_ANALYZER_NUMBER_OBJECT_CONVERSION = YES_AGGRESSIVE;
				CLANG_CXX_LANGUAGE_STANDARD = "gnu++14";
				CLANG_CXX_LIBRARY = "libc++";
				CLANG_ENABLE_MODULES = YES;
				CLANG_ENABLE_OBJC_ARC = YES;
				CLANG_ENABLE_OBJC_WEAK = YES;
				CLANG_WARN_BLOCK_CAPTURE_AUTORELEASING = YES;
				CLANG_WARN_BOOL_CONVERSION = YES;
				CLANG_WARN_COMMA = YES;
				CLANG_WARN_CONSTANT_CONVERSION = YES;
				CLANG_WARN_DEPRECATED_OBJC_IMPLEMENTATIONS = YES;
				CLANG_WARN_DIRECT_OBJC_ISA_USAGE = YES_ERROR;
				CLANG_WARN_DOCUMENTATION_COMMENTS = YES;
				CLANG_WARN_EMPTY_BODY = YES;
				CLANG_WARN_ENUM_CONVERSION = YES;
				CLANG_WARN_INFINITE_RECURSION = YES;
				CLANG_WARN_INT_CONVERSION = YES;
				CLANG_WARN_NON_LITERAL_NULL_CONVERSION = YES;
				CLANG_WARN_OBJC_IMPLICIT_RETAIN_SELF = YES;
				CLANG_WARN_OBJC_LITERAL_CONVERSION = YES;
				CLANG_WARN_OBJC_ROOT_CLASS = YES_ERROR;
				CLANG_WARN_RANGE_LOOP_ANALYSIS = YES;
				CLANG_WARN_STRICT_PROTOTYPES = YES;
				CLANG_WARN_SUSPICIOUS_MOVE = YES;
				CLANG_WARN_UNGUARDED_AVAILABILITY = YES_AGGRESSIVE;
				CLANG_WARN_UNREACHABLE_CODE = YES;
				CLANG_WARN__DUPLICATE_METHOD_MATCH = YES;
				CODE_SIGN_IDENTITY = "iPhone Developer";
				COPY_PHASE_STRIP = NO;
				DEBUG_INFORMATION_FORMAT = "dwarf-with-dsym";
				ENABLE_NS_ASSERTIONS = NO;
				ENABLE_STRICT_OBJC_MSGSEND = YES;
				GCC_C_LANGUAGE_STANDARD = gnu11;
				GCC_NO_COMMON_BLOCKS = YES;
				GCC_WARN_64_TO_32_BIT_CONVERSION = YES;
				GCC_WARN_ABOUT_RETURN_TYPE = YES_ERROR;
				GCC_WARN_UNDECLARED_SELECTOR = YES;
				GCC_WARN_UNINITIALIZED_AUTOS = YES_AGGRESSIVE;
				GCC_WARN_UNUSED_FUNCTION = YES;
				GCC_WARN_UNUSED_VARIABLE = YES;
				IPHONEOS_DEPLOYMENT_TARGET = 12.0;
				MTL_ENABLE_DEBUG_INFO = NO;
				MTL_FAST_MATH = YES;
				SDKROOT = iphoneos;
				SWIFT_COMPILATION_MODE = wholemodule;
				SWIFT_OPTIMIZATION_LEVEL = "-O";
				VALIDATE_PRODUCT = YES;
			};
			name = Release;
		};
		18E9EDA621D9F9E1004CE75A /* Debug */ = {
			isa = XCBuildConfiguration;
			buildSettings = {
				ASSETCATALOG_COMPILER_APPICON_NAME = AppIcon;
				CODE_SIGN_STYLE = Automatic;
				DEVELOPMENT_TEAM = G2CU65X6LJ;
				INFOPLIST_FILE = "$(SRCROOT)/Unsplash/Resrouces/Info.plist";
				IPHONEOS_DEPLOYMENT_TARGET = 11.0;
				LD_RUNPATH_SEARCH_PATHS = (
					"$(inherited)",
					"@executable_path/Frameworks",
				);
				PRODUCT_BUNDLE_IDENTIFIER = com.ind.Unsplash;
				PRODUCT_NAME = "$(TARGET_NAME)";
				SWIFT_VERSION = 4.2;
				TARGETED_DEVICE_FAMILY = "1,2";
			};
			name = Debug;
		};
		18E9EDA721D9F9E1004CE75A /* Release */ = {
			isa = XCBuildConfiguration;
			buildSettings = {
				ASSETCATALOG_COMPILER_APPICON_NAME = AppIcon;
				CODE_SIGN_STYLE = Automatic;
				DEVELOPMENT_TEAM = G2CU65X6LJ;
				INFOPLIST_FILE = "$(SRCROOT)/Unsplash/Resrouces/Info.plist";
				IPHONEOS_DEPLOYMENT_TARGET = 11.0;
				LD_RUNPATH_SEARCH_PATHS = (
					"$(inherited)",
					"@executable_path/Frameworks",
				);
				PRODUCT_BUNDLE_IDENTIFIER = com.ind.Unsplash;
				PRODUCT_NAME = "$(TARGET_NAME)";
				SWIFT_VERSION = 4.2;
				TARGETED_DEVICE_FAMILY = "1,2";
			};
			name = Release;
		};
/* End XCBuildConfiguration section */

/* Begin XCConfigurationList section */
		18E9ED8B21D9F9DF004CE75A /* Build configuration list for PBXProject "Unsplash" */ = {
			isa = XCConfigurationList;
			buildConfigurations = (
				18E9EDA321D9F9E1004CE75A /* Debug */,
				18E9EDA421D9F9E1004CE75A /* Release */,
			);
			defaultConfigurationIsVisible = 0;
			defaultConfigurationName = Release;
		};
		18E9EDA521D9F9E1004CE75A /* Build configuration list for PBXNativeTarget "Unsplash" */ = {
			isa = XCConfigurationList;
			buildConfigurations = (
				18E9EDA621D9F9E1004CE75A /* Debug */,
				18E9EDA721D9F9E1004CE75A /* Release */,
			);
			defaultConfigurationIsVisible = 0;
			defaultConfigurationName = Release;
		};
/* End XCConfigurationList section */

/* Begin XCVersionGroup section */
		18E9ED9A21D9F9DF004CE75A /* Unsplash.xcdatamodeld */ = {
			isa = XCVersionGroup;
			children = (
				18E9ED9B21D9F9DF004CE75A /* Unsplash.xcdatamodel */,
			);
			currentVersion = 18E9ED9B21D9F9DF004CE75A /* Unsplash.xcdatamodel */;
			path = Unsplash.xcdatamodeld;
			sourceTree = "<group>";
			versionGroupType = wrapper.xcdatamodel;
		};
/* End XCVersionGroup section */
	};
	rootObject = 18E9ED8821D9F9DF004CE75A /* Project object */;
}
